{
  "version": "3",
  "packages": {
    "specifiers": {
      "jsr:@std/dotenv": "jsr:@std/dotenv@0.225.5"
    },
    "jsr": {
      "@std/dotenv@0.225.5": {
        "integrity": "9ce6f9d0ec3311f74a32535aa1b8c62ed88b1ab91b7f0815797d77a6f60c922f"
      }
    }
  },
  "redirects": {
    "https://esm.sh/github-slugger@^2.0.0?target=denonext": "https://esm.sh/github-slugger@2.0.0?target=denonext",
    "https://esm.sh/marked-mangle@v1.1.0/": "https://esm.sh/marked-mangle@1.1.0",
    "https://esm.sh/sax@^1.2.4?target=denonext": "https://esm.sh/sax@1.4.1?target=denonext",
    "https://esm.sh/xml-js@^1.6.11?target=denonext": "https://esm.sh/xml-js@1.6.11?target=denonext"
  },
  "remote": {
    "https://deno.land/std@0.120.0/async/deadline.ts": "1d6ac7aeaee22f75eb86e4e105d6161118aad7b41ae2dd14f4cfd3bf97472b93",
    "https://deno.land/std@0.120.0/async/debounce.ts": "b2f693e4baa16b62793fd618de6c003b63228db50ecfe3bd51fc5f6dc0bc264b",
    "https://deno.land/std@0.120.0/async/deferred.ts": "ab60d46ba561abb3b13c0c8085d05797a384b9f182935f051dc67136817acdee",
    "https://deno.land/std@0.120.0/async/delay.ts": "f2d8ccaa8ebc26594bd8b0989edfd8a96257a714c1dee2fb54d986e5bdd840ac",
    "https://deno.land/std@0.120.0/async/mod.ts": "78425176fabea7bd1046ce3819fd69ce40da85c83e0f174d17e8e224a91f7d10",
    "https://deno.land/std@0.120.0/async/mux_async_iterator.ts": "62abff3af9ff619e8f2adc96fc70d4ca020fa48a50c23c13f12d02ed2b760dbe",
    "https://deno.land/std@0.120.0/async/pool.ts": "353ce4f91865da203a097aa6f33de8966340c91b6f4a055611c8c5d534afd12f",
    "https://deno.land/std@0.120.0/async/tee.ts": "3e9f2ef6b36e55188de16a667c702ace4ad0cf84e3720379160e062bf27348ad",
    "https://deno.land/std@0.120.0/fmt/colors.ts": "8368ddf2d48dfe413ffd04cdbb7ae6a1009cf0dccc9c7ff1d76259d9c61a0621",
    "https://deno.land/std@0.120.0/http/http_status.ts": "2ff185827bff21c7be2807fcb09a6a2166464ba57fcd94afe805abab8e09070a",
    "https://deno.land/std@0.176.0/_util/asserts.ts": "178dfc49a464aee693a7e285567b3d0b555dc805ff490505a8aae34f9cfb1462",
    "https://deno.land/std@0.176.0/_util/os.ts": "d932f56d41e4f6a6093d56044e29ce637f8dcc43c5a90af43504a889cf1775e3",
    "https://deno.land/std@0.176.0/fs/_util.ts": "65381f341af1ff7f40198cee15c20f59951ac26e51ddc651c5293e24f9ce6f32",
    "https://deno.land/std@0.176.0/fs/walk.ts": "ea95ffa6500c1eda6b365be488c056edc7c883a1db41ef46ec3bf057b1c0fe32",
    "https://deno.land/std@0.176.0/path/_constants.ts": "e49961f6f4f48039c0dfed3c3f93e963ca3d92791c9d478ac5b43183413136e0",
    "https://deno.land/std@0.176.0/path/_interface.ts": "6471159dfbbc357e03882c2266d21ef9afdb1e4aa771b0545e90db58a0ba314b",
    "https://deno.land/std@0.176.0/path/_util.ts": "d7abb1e0dea065f427b89156e28cdeb32b045870acdf865833ba808a73b576d0",
    "https://deno.land/std@0.176.0/path/common.ts": "ee7505ab01fd22de3963b64e46cff31f40de34f9f8de1fff6a1bd2fe79380000",
    "https://deno.land/std@0.176.0/path/glob.ts": "d479e0a695621c94d3fd7fe7abd4f9499caf32a8de13f25073451c6ef420a4e1",
    "https://deno.land/std@0.176.0/path/mod.ts": "4b83694ac500d7d31b0cdafc927080a53dc0c3027eb2895790fb155082b0d232",
    "https://deno.land/std@0.176.0/path/posix.ts": "8b7c67ac338714b30c816079303d0285dd24af6b284f7ad63da5b27372a2c94d",
    "https://deno.land/std@0.176.0/path/separator.ts": "0fb679739d0d1d7bf45b68dacfb4ec7563597a902edbaf3c59b50d5bcadd93b1",
    "https://deno.land/std@0.176.0/path/win32.ts": "d186344e5583bcbf8b18af416d13d82b35a317116e6460a5a3953508c3de5bba",
    "https://deno.land/std@0.187.0/async/pool.ts": "f1b8d3df4d7fd3c73f8cbc91cc2e8b8e950910f1eab94230b443944d7584c657",
    "https://deno.land/std@0.193.0/_util/asserts.ts": "178dfc49a464aee693a7e285567b3d0b555dc805ff490505a8aae34f9cfb1462",
    "https://deno.land/std@0.193.0/_util/os.ts": "d932f56d41e4f6a6093d56044e29ce637f8dcc43c5a90af43504a889cf1775e3",
    "https://deno.land/std@0.193.0/async/abortable.ts": "fd682fa46f3b7b16b4606a5ab52a7ce309434b76f820d3221bdfb862719a15d7",
    "https://deno.land/std@0.193.0/async/deadline.ts": "58f72a3cc0fcb731b2cc055ba046f4b5be3349ff6bf98f2e793c3b969354aab2",
    "https://deno.land/std@0.193.0/async/debounce.ts": "adab11d04ca38d699444ac8a9d9856b4155e8dda2afd07ce78276c01ea5a4332",
    "https://deno.land/std@0.193.0/async/deferred.ts": "42790112f36a75a57db4a96d33974a936deb7b04d25c6084a9fa8a49f135def8",
    "https://deno.land/std@0.193.0/async/delay.ts": "73aa04cec034c84fc748c7be49bb15cac3dd43a57174bfdb7a4aec22c248f0dd",
    "https://deno.land/std@0.193.0/async/mod.ts": "f04344fa21738e5ad6bea37a6bfffd57c617c2d372bb9f9dcfd118a1b622e576",
    "https://deno.land/std@0.193.0/async/mux_async_iterator.ts": "70c7f2ee4e9466161350473ad61cac0b9f115cff4c552eaa7ef9d50c4cbb4cc9",
    "https://deno.land/std@0.193.0/async/pool.ts": "f1b8d3df4d7fd3c73f8cbc91cc2e8b8e950910f1eab94230b443944d7584c657",
    "https://deno.land/std@0.193.0/async/retry.ts": "b1ccf653954a4e52b3d9731e57d18b864e689a7462e78fb20440b11be9905080",
    "https://deno.land/std@0.193.0/async/tee.ts": "47e42d35f622650b02234d43803d0383a89eb4387e1b83b5a40106d18ae36757",
    "https://deno.land/std@0.193.0/bytes/copy.ts": "939d89e302a9761dcf1d9c937c7711174ed74c59eef40a1e4569a05c9de88219",
    "https://deno.land/std@0.193.0/collections/_utils.ts": "5114abc026ddef71207a79609b984614e66a63a4bda17d819d56b0e72c51527e",
    "https://deno.land/std@0.193.0/collections/deep_merge.ts": "d4628270ec6325055b95162df05b8543961b6f5b2a56f7cc46b730cc2c7b84ab",
    "https://deno.land/std@0.193.0/datetime/to_imf.ts": "8f9c0af8b167031ffe2e03da01a12a3b0672cc7562f89c61942a0ab0129771b2",
    "https://deno.land/std@0.193.0/encoding/base64.ts": "144ae6234c1fbe5b68666c711dc15b1e9ee2aef6d42b3b4345bf9a6c91d70d0d",
    "https://deno.land/std@0.193.0/flags/mod.ts": "17f444ddbee43c5487568de0c6a076c7729cfe90d96d2ffcd2b8f8adadafb6e8",
    "https://deno.land/std@0.193.0/fmt/bytes.ts": "f29cf69e0791d375f9f5d94ae1f0641e5a03b975f32ddf86d70f70fdf37e7b6a",
    "https://deno.land/std@0.193.0/fmt/colors.ts": "d67e3cd9f472535241a8e410d33423980bec45047e343577554d3356e1f0ef4e",
    "https://deno.land/std@0.193.0/front_matter/any.ts": "e69b749d9690d0c914af607e46c816f7389c35df7a8990f1c230874628e97b38",
    "https://deno.land/std@0.193.0/front_matter/mod.ts": "f817a339f595482cd2c98d47e8009fbc82a965247495dc4114e680ed75bcb782",
    "https://deno.land/std@0.193.0/fs/_util.ts": "fbf57dcdc9f7bc8128d60301eece608246971a7836a3bb1e78da75314f08b978",
    "https://deno.land/std@0.193.0/fs/walk.ts": "920be35a7376db6c0b5b1caf1486fb962925e38c9825f90367f8f26b5e5d0897",
    "https://deno.land/std@0.193.0/http/_negotiation/common.ts": "14d1a52427ab258a4b7161cd80e1d8a207b7cc64b46e911780f57ead5f4323c6",
    "https://deno.land/std@0.193.0/http/_negotiation/encoding.ts": "ff747d107277c88cb7a6a62a08eeb8d56dad91564cbcccb30694d5dc126dcc53",
    "https://deno.land/std@0.193.0/http/_negotiation/language.ts": "7bcddd8db3330bdb7ce4fc00a213c5547c1968139864201efd67ef2d0d51887d",
    "https://deno.land/std@0.193.0/http/_negotiation/media_type.ts": "58847517cd549384ad677c0fe89e0a4815be36fe7a303ea63cee5f6a1d7e1692",
    "https://deno.land/std@0.193.0/http/cookie.ts": "934f92d871d50852dbd7a836d721df5a9527b14381db16001b40991d30174ee4",
    "https://deno.land/std@0.193.0/http/cookie_map.ts": "d148a5eaf35f19905dd5104126fa47ac71105306dd42f129732365e43108b28a",
    "https://deno.land/std@0.193.0/http/etag.ts": "6ad8abbbb1045aabf2307959a2c5565054a8bf01c9824ddee836b1ff22706a58",
    "https://deno.land/std@0.193.0/http/file_server.ts": "2349d927be838b32a965ba435d0e8351932b79186fa582ea2d7168b6b53ba36e",
    "https://deno.land/std@0.193.0/http/http_errors.ts": "bbda34819060af86537cecc9dc8e045f877130808b7e7acde4197c5328e852d0",
    "https://deno.land/std@0.193.0/http/http_status.ts": "8a7bcfe3ac025199ad804075385e57f63d055b2aed539d943ccc277616d6f932",
    "https://deno.land/std@0.193.0/http/method.ts": "e66c2a015cb46c21ab0bb3589aa4fca43143a506cb324ffdfd42d2edef7bc0c4",
    "https://deno.land/std@0.193.0/http/mod.ts": "525fb1b3b1e0d297facb08d8cf84c4908f8fadfc3f3f22809185510967279ef7",
    "https://deno.land/std@0.193.0/http/negotiation.ts": "46e74a6bad4b857333a58dc5b50fe8e5a4d5267e97292293ea65f980bd918086",
    "https://deno.land/std@0.193.0/http/server.ts": "1b23463b5b36e4eebc495417f6af47a6f7d52e3294827a1226d2a1aab23d9d20",
    "https://deno.land/std@0.193.0/http/server_sent_event.ts": "1f3597d175e8935123306a24d7f4423a463667a70953d17b4115af1880459d55",
    "https://deno.land/std@0.193.0/http/user_agent.ts": "6f4308670f261118cc6a1518bf37431a5b4f21322b4a4edf0963e182264ce404",
    "https://deno.land/std@0.193.0/http/util.ts": "4cf044067febaa26d0830e356b0f3a5f76d701a60d7ff7a516fad7b192f4c3a7",
    "https://deno.land/std@0.193.0/io/buffer.ts": "17f4410eaaa60a8a85733e8891349a619eadfbbe42e2f319283ce2b8f29723ab",
    "https://deno.land/std@0.193.0/media_types/_db.ts": "7606d83e31f23ce1a7968cbaee852810c2cf477903a095696cdc62eaab7ce570",
    "https://deno.land/std@0.193.0/media_types/_util.ts": "916efbd30b6148a716f110e67a4db29d6949bf4048997b754415dd7e42c52378",
    "https://deno.land/std@0.193.0/media_types/content_type.ts": "ad98a5aa2d95f5965b2796072284258710a25e520952376ed432b0937ce743bc",
    "https://deno.land/std@0.193.0/media_types/format_media_type.ts": "f5e1073c05526a6f5a516ac5c5587a1abd043bf1039c71cde1166aa4328c8baf",
    "https://deno.land/std@0.193.0/media_types/get_charset.ts": "18b88274796fda5d353806bf409eb1d2ddb3f004eb4bd311662c4cdd8ac173db",
    "https://deno.land/std@0.193.0/media_types/parse_media_type.ts": "835c4112e1357e95b4f10d7cdea5ae1801967e444f48673ff8f1cb4d32af9920",
    "https://deno.land/std@0.193.0/media_types/type_by_extension.ts": "daa801eb0f11cdf199445d0f1b656cf116d47dcf9e5b85cc1e6b4469f5ee0432",
    "https://deno.land/std@0.193.0/media_types/vendor/mime-db.v1.52.0.ts": "6925bbcae81ca37241e3f55908d0505724358cda3384eaea707773b2c7e99586",
    "https://deno.land/std@0.193.0/path/_constants.ts": "e49961f6f4f48039c0dfed3c3f93e963ca3d92791c9d478ac5b43183413136e0",
    "https://deno.land/std@0.193.0/path/_interface.ts": "6471159dfbbc357e03882c2266d21ef9afdb1e4aa771b0545e90db58a0ba314b",
    "https://deno.land/std@0.193.0/path/_util.ts": "d7abb1e0dea065f427b89156e28cdeb32b045870acdf865833ba808a73b576d0",
    "https://deno.land/std@0.193.0/path/common.ts": "ee7505ab01fd22de3963b64e46cff31f40de34f9f8de1fff6a1bd2fe79380000",
    "https://deno.land/std@0.193.0/path/glob.ts": "d479e0a695621c94d3fd7fe7abd4f9499caf32a8de13f25073451c6ef420a4e1",
    "https://deno.land/std@0.193.0/path/mod.ts": "f065032a7189404fdac3ad1a1551a9ac84751d2f25c431e101787846c86c79ef",
    "https://deno.land/std@0.193.0/path/posix.ts": "8b7c67ac338714b30c816079303d0285dd24af6b284f7ad63da5b27372a2c94d",
    "https://deno.land/std@0.193.0/path/separator.ts": "0fb679739d0d1d7bf45b68dacfb4ec7563597a902edbaf3c59b50d5bcadd93b1",
    "https://deno.land/std@0.193.0/path/win32.ts": "d186344e5583bcbf8b18af416d13d82b35a317116e6460a5a3953508c3de5bba",
    "https://deno.land/std@0.193.0/streams/byte_slice_stream.ts": "225d57263a34325d7c96cb3dafeb478eec0e6fd05cd0458d678752eadd132bb4",
    "https://deno.land/std@0.193.0/toml/_parser.ts": "ca98edfbdbc5741734134548db65d4c10ba60abbd739f10f949aa912664fd86e",
    "https://deno.land/std@0.193.0/toml/parse.ts": "e900bafdf35d802519842a303e07a62ea5282186960b3474e8083509ab1c7f0d",
    "https://deno.land/std@0.193.0/version.ts": "90fe73cb597df8dd8780ea1b899a9231b991b83751bb104b3c8aa2c954f49dd7",
    "https://deno.land/std@0.193.0/yaml/_error.ts": "b59e2c76ce5a47b1b9fa0ff9f96c1dd92ea1e1b17ce4347ece5944a95c3c1a84",
    "https://deno.land/std@0.193.0/yaml/_loader/loader.ts": "47b9592efcb390b58b1903cc471bfdf1fc71a0d2d2b31e37b5cae7d8804c7aed",
    "https://deno.land/std@0.193.0/yaml/_loader/loader_state.ts": "0841870b467169269d7c2dfa75cd288c319bc06f65edd9e42c29e5fced91c7a4",
    "https://deno.land/std@0.193.0/yaml/_mark.ts": "dcd8585dee585e024475e9f3fe27d29740670fb64ebb970388094cad0fc11d5d",
    "https://deno.land/std@0.193.0/yaml/_state.ts": "ef03d55ec235d48dcfbecc0ab3ade90bfae69a61094846e08003421c2cf5cfc6",
    "https://deno.land/std@0.193.0/yaml/_type/binary.ts": "d34d8c8d8ed521e270cfede3401c425b971af4f6c69da1e2cb32b172d42c7da7",
    "https://deno.land/std@0.193.0/yaml/_type/bool.ts": "5bfa75da84343d45347b521ba4e5aeace9fe6f53447405290d53315a3fc20e66",
    "https://deno.land/std@0.193.0/yaml/_type/float.ts": "056bd3cb9c5586238b20517511014fb24b0e36f98f9f6073e12da308b6b9808a",
    "https://deno.land/std@0.193.0/yaml/_type/function.ts": "ff574fe84a750695302864e1c31b93f12d14ada4bde79a5f93197fc33ad17471",
    "https://deno.land/std@0.193.0/yaml/_type/int.ts": "563ad074f0fa7aecf6b6c3d84135bcc95a8269dcc15de878de20ce868fd773fa",
    "https://deno.land/std@0.193.0/yaml/_type/map.ts": "7b105e4ab03a361c61e7e335a0baf4d40f06460b13920e5af3fb2783a1464000",
    "https://deno.land/std@0.193.0/yaml/_type/merge.ts": "8192bf3e4d637f32567917f48bb276043da9cf729cf594e5ec191f7cd229337e",
    "https://deno.land/std@0.193.0/yaml/_type/mod.ts": "060e2b3d38725094b77ea3a3f05fc7e671fced8e67ca18e525be98c4aa8f4bbb",
    "https://deno.land/std@0.193.0/yaml/_type/nil.ts": "606e8f0c44d73117c81abec822f89ef81e40f712258c74f186baa1af659b8887",
    "https://deno.land/std@0.193.0/yaml/_type/omap.ts": "cfe59a294726f5cea705c39a61fd2b08199cf48f4ccd6b040cb550ec0f38d0a1",
    "https://deno.land/std@0.193.0/yaml/_type/pairs.ts": "0032fdfe57558d21696a4f8cf5b5cfd1f698743177080affc18629685c905666",
    "https://deno.land/std@0.193.0/yaml/_type/regexp.ts": "1ce118de15b2da43b4bd8e4395f42d448b731acf3bdaf7c888f40789f9a95f8b",
    "https://deno.land/std@0.193.0/yaml/_type/seq.ts": "95333abeec8a7e4d967b8c8328b269e342a4bbdd2585395549b9c4f58c8533a2",
    "https://deno.land/std@0.193.0/yaml/_type/set.ts": "f28ba44e632ef2a6eb580486fd47a460445eeddbdf1dbc739c3e62486f566092",
    "https://deno.land/std@0.193.0/yaml/_type/str.ts": "a67a3c6e429d95041399e964015511779b1130ea5889fa257c48457bd3446e31",
    "https://deno.land/std@0.193.0/yaml/_type/timestamp.ts": "706ea80a76a73e48efaeb400ace087da1f927647b53ad6f754f4e06d51af087f",
    "https://deno.land/std@0.193.0/yaml/_type/undefined.ts": "94a316ca450597ccbc6750cbd79097ad0d5f3a019797eed3c841a040c29540ba",
    "https://deno.land/std@0.193.0/yaml/_utils.ts": "26b311f0d42a7ce025060bd6320a68b50e52fd24a839581eb31734cd48e20393",
    "https://deno.land/std@0.193.0/yaml/parse.ts": "1fbbda572bf3fff578b6482c0d8b85097a38de3176bf3ab2ca70c25fb0c960ef",
    "https://deno.land/std@0.193.0/yaml/schema.ts": "96908b78dc50c340074b93fc1598d5e7e2fe59103f89ff81e5a49b2dedf77a67",
    "https://deno.land/std@0.193.0/yaml/schema/core.ts": "fa406f18ceedc87a50e28bb90ec7a4c09eebb337f94ef17468349794fa828639",
    "https://deno.land/std@0.193.0/yaml/schema/default.ts": "0047e80ae8a4a93293bc4c557ae8a546aabd46bb7165b9d9b940d57b4d88bde9",
    "https://deno.land/std@0.193.0/yaml/schema/extended.ts": "0784416bf062d20a1626b53c03380e265b3e39b9409afb9f4cb7d659fd71e60d",
    "https://deno.land/std@0.193.0/yaml/schema/failsafe.ts": "d219ab5febc43f770917d8ec37735a4b1ad671149846cbdcade767832b42b92b",
    "https://deno.land/std@0.193.0/yaml/schema/json.ts": "5f41dd7c2f1ad545ef6238633ce9ee3d444dfc5a18101e1768bd5504bf90e5e5",
    "https://deno.land/std@0.193.0/yaml/schema/mod.ts": "4472e827bab5025e92bc2eb2eeefa70ecbefc64b2799b765c69af84822efef32",
    "https://deno.land/std@0.193.0/yaml/type.ts": "1aabb8e0a3f4229ce0a3526256f68826d9bdf65a36c8a3890ead8011fcba7670",
    "https://deno.land/x/emoji@0.3.0/all.json": "f0553b660db5e44e71ca46f637a06c2ec94f34445a920fcf319858094a91f46b",
    "https://deno.land/x/emoji@0.3.0/emoji.ts": "ad21fa393b2b96fb5999f58dec18e13628cc5d11aa370c42a2f7cc8e135d43d8",
    "https://deno.land/x/emoji@0.3.0/mod.ts": "9ef5a2fca1a633f29747b6d3254afd19545cef586128a8213a1003ee2808186d",
    "https://deno.land/x/emoji@0.3.0/unicode.ts": "ac8079e8e1da66ae9e601c1fdd0e7641120c2b07ca7bd2875e65fe23e16e6199",
    "https://deno.land/x/g_a@0.1.2/mod.ts": "6016891e4aa825a82e14782cf45be5705aa42f3ed5e8378200a6e0136239f572",
    "https://deno.land/x/gfm@0.2.5/deps.ts": "e6ce060304c2ee2be60d4d89addc94ea7bed50d98e9709155ec7bf3af6d41082",
    "https://deno.land/x/gfm@0.2.5/mod.ts": "1406486c02bfb707746e449559dc81ed0c4a9eada9a92dbb0d68cffa12069c45",
    "https://deno.land/x/gfm@0.2.5/style.js": "86de9308f5d108ee0976e296260eb634c7477a11a9bebf44e6f863a5b8fb6d6d",
    "https://deno.land/x/htm@0.1.3/html.tsx": "b1c1e8ff8af45dbdf4dd6d90dea37ff8e9c86c705f672f9b53911691ed12e6fd",
    "https://deno.land/x/htm@0.1.3/mod.ts": "93485a06c930907a40f09eb8d9deadf27aaaa228c5037a24be7a08b82c8b4bee",
    "https://deno.land/x/htm@0.1.3/plugins/color-scheme.ts": "e6aae324f7d28e2ad3a9c9dfa5665ba0e4cec2e05fabb04989dc124c0b5f6e36",
    "https://deno.land/x/htm@0.1.3/plugins/unocss.ts": "dca4739d3f07a243b14d072cc470537a8711e0b7218b4968e661d62ceeee6416",
    "https://esm.sh/@unocss/core@0.46.3": "c08aabfe509a7e73450060753686bd71c12f909dba8ce4747b0713ea573e1156",
    "https://esm.sh/@unocss/core@0.46.3/denonext/core.mjs": "fdc1c6e222424e1fa6c65df7fb991ec7a83a636292dd39542a4c70d11af96327",
    "https://esm.sh/@unocss/preset-wind@0.46.3/denonext/preset-wind.bundle.mjs": "5e6af2516fc009891714ff1cd21fa52f7217d1a29f85522cb2fdefaefda00bec",
    "https://esm.sh/@unocss/preset-wind@0.46.3?bundle&no-check": "2b64b163b0e16df1db11385fbbeaf910cd9aca841114812d1059d00ddfc262f4",
    "https://esm.sh/deepmerge@4.3.1/esnext/deepmerge.mjs": "1f448aaa83a52514faecb2edc02eb766c9eb10b935b9ac4c1c2a877a0bb56b80",
    "https://esm.sh/deepmerge@^4.2.2?target=esnext": "6b7c1f7d299638525a7880f86e51d8d0607ba7491d4bd269817e00f570601b76",
    "https://esm.sh/dom-serializer@2.0.0/esnext/dom-serializer.mjs": "0a0471f10aa71bc6181b0a1d2ec02144ec167af4e170af362eeefc5380b6c996",
    "https://esm.sh/dom-serializer@^2.0.0?target=esnext": "44879dbacefade9dbf05270993d598fd8d2768caf3fa7110af796825d102754e",
    "https://esm.sh/domelementtype@2.3.0/esnext/domelementtype.mjs": "4f3b57348729cd517560139eb1969ca2fe9cc58c5188abe56e7336d5cb557cc0",
    "https://esm.sh/domelementtype@^2.3.0?target=esnext": "f65f00857b5d3f343ee44b62ee04307272e9bee65f2d34cf07cecbccb77140c7",
    "https://esm.sh/domhandler@5.0.3/esnext/domhandler.mjs": "f0fea9734f45002a4f346baa0b26e3e7987fd2d051358f8fdc391f7de2b98dda",
    "https://esm.sh/domhandler@^5.0.3?target=esnext": "5bd6752f2ec98f1bc544ccfa50f58289852a3b88afef7508add836a91b1abe2b",
    "https://esm.sh/domutils@3.2.2/esnext/domutils.mjs": "b10b9cf233ad79dbe72ae00b1c66e80cb51b9afce10571ec484b8130819fb39a",
    "https://esm.sh/domutils@^3.0.1?target=esnext": "8d41d55c4194e1c78b3d83a8dc3370e6905f2f9f7a428abe9570bb7b8285eeac",
    "https://esm.sh/entities@4.5.0/esnext/entities.mjs": "4a9306e4021ae1079e83b5db26e1678c536fa69c8f2839802bc3cc43282cef08",
    "https://esm.sh/entities@4.5.0/esnext/lib/decode.mjs": "ef22e25f6bca668e40c4f7d4ecaebe2172a833a18372d55b54f997d0d8702dcd",
    "https://esm.sh/entities@4.5.0/esnext/lib/escape.mjs": "116aef78e5ff05efa6f79851b8b59da025ab88f5c25d2262f73df98f4d57c3fa",
    "https://esm.sh/entities@^4.2.0?target=esnext": "72619bbf39ce70e35cbe0df5c95b61cdc8dfac46d1025657b065409db75ccf02",
    "https://esm.sh/entities@^4.4.0/lib/decode?target=esnext": "10090cc0d71b219de74f3d6f799d8937dbae58614a479a85f98eabeb09f135b2",
    "https://esm.sh/escape-string-regexp@4.0.0/esnext/escape-string-regexp.mjs": "8b9ba1b04d86262e578b7ed6f847ab744d87f8c6fdc93d0ce4814066346f253c",
    "https://esm.sh/escape-string-regexp@^4.0.0?target=esnext": "4fc2892f4166b956d6fd61c74e40e3f6b4913d0984da4c297c9a29fe3c14f657",
    "https://esm.sh/feed@4.2.2": "dca62237661ed6cf5ca20d97a9138cc5727054bb5d1f741676402e7e95446acb",
    "https://esm.sh/feed@4.2.2/denonext/feed.mjs": "f61177a13d321ebe406b8c57004632d5dcb1bd366c57860e226668f41855ba12",
    "https://esm.sh/github-slugger@2.0.0/denonext/github-slugger.mjs": "8a2344aa76877552fbf3a155b45155c9fada7c3382260630d501ad21d4e4f706",
    "https://esm.sh/github-slugger@2.0.0?target=denonext": "d28cd7ca6c92db767c7d05e906b7cff215b9b90392306566e33a7763b1bbec33",
    "https://esm.sh/he@1.2.0": "bc304782debd103009d8ad8554a39142d747ad2bc3e41dd4925879611f5fd0dd",
    "https://esm.sh/he@1.2.0/denonext/he.mjs": "909418f242c58b64c65b0f18e3107395a3279a80c5521f0fc6551dbbe140ed14",
    "https://esm.sh/htmlparser2@8.0.2/esnext/htmlparser2.mjs": "d4f4a11aa982e1682f6c6124ffad788081881f8887f7d321e1a398e29093caac",
    "https://esm.sh/htmlparser2@8.0.2/esnext/lib/esm/Parser.mjs": "73c5c68c927a3f7ca9fe4cfa01ccc9dd485859d7831952e18d14eb94e28339b7",
    "https://esm.sh/htmlparser2@8.0.2/esnext/lib/esm/Tokenizer.mjs": "f4ccdbc4165d232b8dc371749893af47c9db7a5256ddc2ce0a06a2e2ec15415c",
    "https://esm.sh/htmlparser2@^8.0.0?target=esnext": "fea5b3b532eeb96d81b1177cbaf37e9577ddbfe404442085686d56b982e1375b",
    "https://esm.sh/katex@0.16.8/denonext/katex.mjs": "b8cc62eb1076a502b7f443b843c12310778bb9bc69b396ba4f4e9017ff8fce6e",
    "https://esm.sh/katex@0.16.8/dist/katex.mjs": "89be7a853a0e8b47dd921636918b8e8a5f5ee9a6580dfb4156e210829d19c451",
    "https://esm.sh/marked-gfm-heading-id@3.0.4/": "db188687fcec0dc677767e4945913807e0768527a8817c3006f1a500508c2fe3",
    "https://esm.sh/marked-gfm-heading-id@3.0.4/denonext/marked-gfm-heading-id.mjs": "6ac0aa084bb109d0d135d55f0d37092f1474a03d5795a19070880b185ab8a852",
    "https://esm.sh/marked-mangle@1.1.0": "370569d31ee8b79fb54f8642c0c481ce44a3f206018614624489224af1ad9253",
    "https://esm.sh/marked-mangle@1.1.0/denonext/marked-mangle.mjs": "b78f9cad69ca82c60c3a3f04fbd4d7f6e6cf0644893d6b32e7bf2516f0495ef5",
    "https://esm.sh/marked@5.1.0/": "4d6d832c9e8e0413b41823cd1fe1a950b21bd451199e74a217bc4a9c92c35076",
    "https://esm.sh/marked@5.1.0/denonext/marked.mjs": "95c002940dd74b4aadf94dae1ca8acdfe32fef674c664c8432046d730202499d",
    "https://esm.sh/nanoid@3.3.11/esnext/non-secure.mjs": "1f166118c1c4b4d4b5356ef0050fed87acf28cdb8a76813803fee72188f18b30",
    "https://esm.sh/nanoid@^3.3.11/non-secure?target=esnext": "43c16e9dc65f15a75238a6026666bae064ca6d8c49479cd0f6127635b41f42f1",
    "https://esm.sh/node/buffer.mjs": "43d7ffab85c67adc0575a7d7c463e84a61ee8efc455d95665c8eb8d4a31e17cd",
    "https://esm.sh/node/chunk-2OF3LYRV.mjs": "d7de750c968c3ecde19048322afb56c171047475c042de0d183d636ec2261f5a",
    "https://esm.sh/node/chunk-5A4BT3HD.mjs": "b1e526e523e5ae29b61f2058adaeb20975c33ea4dd610582399df1a9311c39dc",
    "https://esm.sh/node/chunk-6GKFKS3A.mjs": "7902e4736377601004f9c88d66082a4ed0ab5615b4cd922011215527721916ab",
    "https://esm.sh/node/chunk-KJ4M6W4Z.mjs": "e758c20e0173250999825c305e42e2005ead5aae78927ccbd310d236254f434e",
    "https://esm.sh/node/fs.mjs": "5ba0de70aa86d4703260a4f1312d190ce8c4a586c31a30a7529bfb5c44cb1753",
    "https://esm.sh/node/path.mjs": "cae9540da52fce2321292b45936e839f523cb70fea4166feea75b764ddcff7e3",
    "https://esm.sh/node/process.mjs": "2c8eeaf6090c03d21bdcec5eddb33b105208c9ba3ef2c7be98f4d9b2495a624e",
    "https://esm.sh/node/querystring.mjs": "dedbd6385b2cb7999b4a245cc446100e3263e155ecdc51de07dbfda12907547b",
    "https://esm.sh/node/url.mjs": "74e9759ff9b2603b1f74134f1ae6d3844928245999314d7a88aceb81ed18454b",
    "https://esm.sh/parse-srcset@1.0.2/esnext/parse-srcset.mjs": "eaed6b50e95f4be186d52d09bdf27fc7f2cbdd18c300558b11e189db53e32c44",
    "https://esm.sh/parse-srcset@^1.0.2?target=esnext": "f48ce3f33d7e0e1a16b0a54642c95dcf299a22823b315a77abffe87ed20c9133",
    "https://esm.sh/picocolors@1.1.1/esnext/picocolors.mjs": "6e537224a8aadc11c580fc96615fc72ac2b1a8dedb817bf024905d6b8d78f83e",
    "https://esm.sh/picocolors@^1.1.1?target=esnext": "f73a6fbde16c3ba52dabe8c34d6e6860964cb22a6f1625d79ee2e9983e78273d",
    "https://esm.sh/postcss@8.5.6/esnext/lib/at-rule.mjs": "4d36edc3ca42766858a10199b14ea4295b76ff96ea6b1a81aa29b7b22af7dd45",
    "https://esm.sh/postcss@8.5.6/esnext/lib/comment.mjs": "c697b26e5ba49d581727081fd3de61a65df93ae69f5ab1080df36bc523a3586f",
    "https://esm.sh/postcss@8.5.6/esnext/lib/container.mjs": "842ed0e58a3120a02b91bcc27e0bf8fa8e82281dc48f04f72e78add92fe215a6",
    "https://esm.sh/postcss@8.5.6/esnext/lib/css-syntax-error.mjs": "6227f51043b69cfe99cfbf570f27256d2019c7a092bea6044c155696e54cfdc8",
    "https://esm.sh/postcss@8.5.6/esnext/lib/declaration.mjs": "e2fa6617ff8a74fbcae38ab0d4f2ff5417bdb5c300d7695fcd662acdfa300cda",
    "https://esm.sh/postcss@8.5.6/esnext/lib/document.mjs": "39f9f35f25834ffd4cae54678faf5020eb68a9d990c1921cb1f4a16e8d96ec81",
    "https://esm.sh/postcss@8.5.6/esnext/lib/fromJSON.mjs": "9f2e849366a659250ed1bfa3c67faf2cf1c38b5b2677594002498a1ee0fc594e",
    "https://esm.sh/postcss@8.5.6/esnext/lib/input.mjs": "b8af977096e88379c7d00cfef849fa5ccb8ae288f8b039bdad992a5c018cdb71",
    "https://esm.sh/postcss@8.5.6/esnext/lib/lazy-result.mjs": "61618d7d7bc6f68ce8c7e380b15317e18036e07a29c02cdda521e632559e034a",
    "https://esm.sh/postcss@8.5.6/esnext/lib/list.mjs": "4a56db4aea2f2a981afdce9455086caea47e732c678d75b85cdb76df241314e0",
    "https://esm.sh/postcss@8.5.6/esnext/lib/map-generator.mjs": "17d9c7d36655c7368508d61d9f002d4bd1ce50e16658b1abcfa2e521bc1399d3",
    "https://esm.sh/postcss@8.5.6/esnext/lib/no-work-result.mjs": "582acccf822251d8d664518339e62dd8fc7105bbb4488169ffe7cf5ef99fd392",
    "https://esm.sh/postcss@8.5.6/esnext/lib/node.mjs": "9cda4baedeafe756b6a10e76e906720bce6da9f9b808c74fb247d85ae6b96965",
    "https://esm.sh/postcss@8.5.6/esnext/lib/parse.mjs": "9095142e0c755897446b8fd8f9ac8633599e3ba44773498206cdcd36538bfa0a",
    "https://esm.sh/postcss@8.5.6/esnext/lib/parser.mjs": "5fa9d73cc19247b2abb636ff39973fdb4d06149f183dc4670aa8106594b3ae36",
    "https://esm.sh/postcss@8.5.6/esnext/lib/previous-map.mjs": "efa2205639e6091ea0ebb76ad952f5a8696740f392e04f04777282a2f7539020",
    "https://esm.sh/postcss@8.5.6/esnext/lib/processor.mjs": "bef379a8c94cdb173337b51bde0a5576db39262bf7a759c3650b4471e1fa1c96",
    "https://esm.sh/postcss@8.5.6/esnext/lib/result.mjs": "c1ba7aafbb6c66f9a213beb7fcd9bbc5c9bf8cf96c8d9d52af9ae6b6a4436b51",
    "https://esm.sh/postcss@8.5.6/esnext/lib/root.mjs": "b4fdc0d0380774f92382e32a39f2c0901e111c58d0309084e728ae085570fa72",
    "https://esm.sh/postcss@8.5.6/esnext/lib/rule.mjs": "35cb6df8a6b88a25c2cdae3c67153e1e322f0c5b2ff0af2a4b82621801818aa9",
    "https://esm.sh/postcss@8.5.6/esnext/lib/stringifier.mjs": "f7d92b74abe94e471c03e4be188b0d63f1ef59b6124be4ce1c7e6673940f8a01",
    "https://esm.sh/postcss@8.5.6/esnext/lib/stringify.mjs": "0199bda16f538996aacee2bc24d6425960706407bb966700c5e90e4ea6a18144",
    "https://esm.sh/postcss@8.5.6/esnext/lib/symbols.mjs": "62ba62162b364f32caa44d4025486db497a84f1956b40047b7cc3d0ca336103b",
    "https://esm.sh/postcss@8.5.6/esnext/lib/terminal-highlight.mjs": "f9d97c8d5342d1e6c825ad7fb0586355e3e4d87cd02adeb00a5c881c9c751853",
    "https://esm.sh/postcss@8.5.6/esnext/lib/tokenize.mjs": "8ae691fe6c8535964103e6cbb4be154916c96a80f22746daf6c595b6186b92fa",
    "https://esm.sh/postcss@8.5.6/esnext/lib/warn-once.mjs": "29cca6093c98344a9731ad66d1935501bebfd35e11cc16c47b12ebdbb2835500",
    "https://esm.sh/postcss@8.5.6/esnext/lib/warning.mjs": "71973428e45464675ca11b47c2e463ea00f88ce53aa12335fce71f22b81b1002",
    "https://esm.sh/postcss@8.5.6/esnext/postcss.mjs": "c09f2ea0ad0de63243f5fb21a9c29005fb1fbaf23770bacb50bb79087b9b78fd",
    "https://esm.sh/postcss@^8.3.11?target=esnext": "d76b355d8a938bddf1315b890c6a9860b4138203d85e8a10713874f20b5c347f",
    "https://esm.sh/preact-render-to-string@5.2.6/X-ZHByZWFjdEAxMC4xMS4y/denonext/preact-render-to-string.mjs": "bc9735f7d02226ed4c79a060ce5f20b6fc760789dcffb1252ec769f0d896354c",
    "https://esm.sh/preact-render-to-string@5.2.6?deps=preact@10.11.2": "64c6f9389c5b9a6829d1701b79af2020ac69e58fc277aa26f3992a7b64fc1d93",
    "https://esm.sh/preact@10.11.2": "18a7431ede15657273d53f1eed644aa7e11c8a57bffff2e6f1d2ef318c104feb",
    "https://esm.sh/preact@10.11.2/denonext/preact.mjs": "74f26f7298e0b45c65bea3b89513dbdd912dbf27d375ba5e629fbace3ec19600",
    "https://esm.sh/prismjs@1.29.0": "263ab9a7771b54d8a344ddfc031e31cb5aa0572c25773ea7d0a68cca6f91d060",
    "https://esm.sh/prismjs@1.29.0/components/prism-c?no-check": "d35163060a777c83e472115be512d2694776d37c864e7ade9202e756187d3b7b",
    "https://esm.sh/prismjs@1.29.0/denonext/components/prism-c.mjs": "cd4bae2fb9ff9a3ac410d75e2c671755fe95c9e9366c69405e72e61f382d5206",
    "https://esm.sh/prismjs@1.29.0/denonext/prismjs.mjs": "22ae3128203d6ca4793dae7e1728b8d7db21b54e373e9538cae7a61cce159630",
    "https://esm.sh/remove-markdown@0.5.0": "ecf214b0f066c6515626027535fcc5db3eaa191d4e4eb94dc075cc8bdbd5efb4",
    "https://esm.sh/remove-markdown@0.5.0/denonext/remove-markdown.mjs": "7c0ddad9c750edce5f222419d067f69e8d2f72e7850b1498ccfb555990f29deb",
    "https://esm.sh/sanitize-html@2.8.1/esnext/sanitize-html.mjs": "a17c2e34bf9b5fdbd2d3c1e0523799ad970ebc2604c65b63172151ea438c619c",
    "https://esm.sh/sanitize-html@2.8.1?target=esnext": "c836fe340c774ca6848fc2d32059d8cfa671cd3b07986549cb7ba9271f94ea06",
    "https://esm.sh/sax@1.4.1/denonext/sax.mjs": "f6b76bfda979cf50ea49b0f4c36fdba9ac24c2f5261e31df0adb662f505ef277",
    "https://esm.sh/sax@1.4.1?target=denonext": "e27842cb4e8dc59720f1f3df21075f69ddeb0b5c06bb055efcd72d1d59fefd79",
    "https://esm.sh/xml-js@1.6.11/denonext/xml-js.mjs": "e1863b42f0016edd5321d08aae2e92f6f856027ed813d5825a413fbbc0dfb875",
    "https://esm.sh/xml-js@1.6.11?target=denonext": "9f30bf1857f9da9c902c290b59f6b399c973d3dc7e35f11c5db2502aad733f63",
    "https://raw.githubusercontent.com/kt3k/callsites/v1.0.0/mod.ts": "a5fdfa7916d03459fd4830ca526d493d5f4ce0ea91619905d524c9a3a5c3cd15"
  }
}
